// !$*UTF8*$!
{
	archiveVersion = 1;
	classes = {
	};
	objectVersion = 77;
	objects = {

/* Begin PBXContainerItemProxy section */
		D187AAFB2DCE0E0800435E06 /* PBXContainerItemProxy */ = {
			isa = PBXContainerItemProxy;
			containerPortal = D187AADC2DCE0E0600435E06 /* Project object */;
			proxyType = 1;
			remoteGlobalIDString = D187AAE32DCE0E0600435E06;
			remoteInfo = GTCaseStudy;
		};
		D187AB052DCE0E0800435E06 /* PBXContainerItemProxy */ = {
			isa = PBXContainerItemProxy;
			containerPortal = D187AADC2DCE0E0600435E06 /* Project object */;
			proxyType = 1;
			remoteGlobalIDString = D187AAE32DCE0E0600435E06;
			remoteInfo = GTCaseStudy;
		};
/* End PBXContainerItemProxy section */

/* Begin PBXFileReference section */
		D187AAE42DCE0E0600435E06 /* GTCaseStudy.app */ = {isa = PBXFileReference; explicitFileType = wrapper.application; includeInIndex = 0; path = GTCaseStudy.app; sourceTree = BUILT_PRODUCTS_DIR; };
		D187AAFA2DCE0E0800435E06 /* GTCaseStudyTests.xctest */ = {isa = PBXFileReference; explicitFileType = wrapper.cfbundle; includeInIndex = 0; path = GTCaseStudyTests.xctest; sourceTree = BUILT_PRODUCTS_DIR; };
		D187AB042DCE0E0800435E06 /* GTCaseStudyUITests.xctest */ = {isa = PBXFileReference; explicitFileType = wrapper.cfbundle; includeInIndex = 0; path = GTCaseStudyUITests.xctest; sourceTree = BUILT_PRODUCTS_DIR; };
/* End PBXFileReference section */

/* Begin PBXFileSystemSynchronizedBuildFileExceptionSet section */
		D187AB0C2DCE0E0800435E06 /* Exceptions for "GTCaseStudy" folder in "GTCaseStudy" target */ = {
			isa = PBXFileSystemSynchronizedBuildFileExceptionSet;
			membershipExceptions = (
				Info.plist,
			);
			target = D187AAE32DCE0E0600435E06 /* GTCaseStudy */;
		};
/* End PBXFileSystemSynchronizedBuildFileExceptionSet section */

/* Begin PBXFileSystemSynchronizedRootGroup section */
		D187AAE62DCE0E0600435E06 /* GTCaseStudy */ = {
			isa = PBXFileSystemSynchronizedRootGroup;
			exceptions = (
				D187AB0C2DCE0E0800435E06 /* Exceptions for "GTCaseStudy" folder in "GTCaseStudy" target */,
			);
			path = GTCaseStudy;
			sourceTree = "<group>";
		};
		D187AAFD2DCE0E0800435E06 /* GTCaseStudyTests */ = {
			isa = PBXFileSystemSynchronizedRootGroup;
			path = GTCaseStudyTests;
			sourceTree = "<group>";
		};
		D187AB072DCE0E0800435E06 /* GTCaseStudyUITests */ = {
			isa = PBXFileSystemSynchronizedRootGroup;
			path = GTCaseStudyUITests;
			sourceTree = "<group>";
		};
/* End PBXFileSystemSynchronizedRootGroup section */

/* Begin PBXFrameworksBuildPhase section */
		D187AAE12DCE0E0600435E06 /* Frameworks */ = {
			isa = PBXFrameworksBuildPhase;
			buildActionMask = 2147483647;
			files = (
			);
			runOnlyForDeploymentPostprocessing = 0;
		};
		D187AAF72DCE0E0800435E06 /* Frameworks */ = {
			isa = PBXFrameworksBuildPhase;
			buildActionMask = 2147483647;
			files = (
			);
			runOnlyForDeploymentPostprocessing = 0;
		};
		D187AB012DCE0E0800435E06 /* Frameworks */ = {
			isa = PBXFrameworksBuildPhase;
			buildActionMask = 2147483647;
			files = (
			);
			runOnlyForDeploymentPostprocessing = 0;
		};
/* End PBXFrameworksBuildPhase section */

/* Begin PBXGroup section */
		D187AADB2DCE0E0600435E06 = {
			isa = PBXGroup;
			children = (
				D187AAE62DCE0E0600435E06 /* GTCaseStudy */,
				D187AAFD2DCE0E0800435E06 /* GTCaseStudyTests */,
				D187AB072DCE0E0800435E06 /* GTCaseStudyUITests */,
				D187AAE52DCE0E0600435E06 /* Products */,
			);
			sourceTree = "<group>";
		};
		D187AAE52DCE0E0600435E06 /* Products */ = {
			isa = PBXGroup;
			children = (
				D187AAE42DCE0E0600435E06 /* GTCaseStudy.app */,
				D187AAFA2DCE0E0800435E06 /* GTCaseStudyTests.xctest */,
				D187AB042DCE0E0800435E06 /* GTCaseStudyUITests.xctest */,
			);
			name = Products;
			sourceTree = "<group>";
		};
/* End PBXGroup section */

/* Begin PBXNativeTarget section */
		D187AAE32DCE0E0600435E06 /* GTCaseStudy */ = {
			isa = PBXNativeTarget;
			buildConfigurationList = D187AB0D2DCE0E0800435E06 /* Build configuration list for PBXNativeTarget "GTCaseStudy" */;
			buildPhases = (
				D187AAE02DCE0E0600435E06 /* Sources */,
				D187AAE12DCE0E0600435E06 /* Frameworks */,
				D187AAE22DCE0E0600435E06 /* Resources */,
			);
			buildRules = (
			);
			dependencies = (
			);
			fileSystemSynchronizedGroups = (
				D187AAE62DCE0E0600435E06 /* GTCaseStudy */,
			);
			name = GTCaseStudy;
			packageProductDependencies = (
			);
			productName = GTCaseStudy;
			productReference = D187AAE42DCE0E0600435E06 /* GTCaseStudy.app */;
			productType = "com.apple.product-type.application";
		};
		D187AAF92DCE0E0800435E06 /* GTCaseStudyTests */ = {
			isa = PBXNativeTarget;
			buildConfigurationList = D187AB122DCE0E0800435E06 /* Build configuration list for PBXNativeTarget "GTCaseStudyTests" */;
			buildPhases = (
				D187AAF62DCE0E0800435E06 /* Sources */,
				D187AAF72DCE0E0800435E06 /* Frameworks */,
				D187AAF82DCE0E0800435E06 /* Resources */,
			);
			buildRules = (
			);
			dependencies = (
				D187AAFC2DCE0E0800435E06 /* PBXTargetDependency */,
			);
			fileSystemSynchronizedGroups = (
				D187AAFD2DCE0E0800435E06 /* GTCaseStudyTests */,
			);
			name = GTCaseStudyTests;
			packageProductDependencies = (
			);
			productName = GTCaseStudyTests;
			productReference = D187AAFA2DCE0E0800435E06 /* GTCaseStudyTests.xctest */;
			productType = "com.apple.product-type.bundle.unit-test";
		};
		D187AB032DCE0E0800435E06 /* GTCaseStudyUITests */ = {
			isa = PBXNativeTarget;
			buildConfigurationList = D187AB152DCE0E0800435E06 /* Build configuration list for PBXNativeTarget "GTCaseStudyUITests" */;
			buildPhases = (
				D187AB002DCE0E0800435E06 /* Sources */,
				D187AB012DCE0E0800435E06 /* Frameworks */,
				D187AB022DCE0E0800435E06 /* Resources */,
			);
			buildRules = (
			);
			dependencies = (
				D187AB062DCE0E0800435E06 /* PBXTargetDependency */,
			);
			fileSystemSynchronizedGroups = (
				D187AB072DCE0E0800435E06 /* GTCaseStudyUITests */,
			);
			name = GTCaseStudyUITests;
			packageProductDependencies = (
			);
			productName = GTCaseStudyUITests;
			productReference = D187AB042DCE0E0800435E06 /* GTCaseStudyUITests.xctest */;
			productType = "com.apple.product-type.bundle.ui-testing";
		};
/* End PBXNativeTarget section */

/* Begin PBXProject section */
		D187AADC2DCE0E0600435E06 /* Project object */ = {
			isa = PBXProject;
			attributes = {
				BuildIndependentTargetsInParallel = 1;
				LastSwiftUpdateCheck = 1630;
				LastUpgradeCheck = 1630;
				TargetAttributes = {
					D187AAE32DCE0E0600435E06 = {
						CreatedOnToolsVersion = 16.3;
					};
					D187AAF92DCE0E0800435E06 = {
						CreatedOnToolsVersion = 16.3;
						TestTargetID = D187AAE32DCE0E0600435E06;
					};
					D187AB032DCE0E0800435E06 = {
						CreatedOnToolsVersion = 16.3;
						TestTargetID = D187AAE32DCE0E0600435E06;
					};
				};
			};
			buildConfigurationList = D187AADF2DCE0E0600435E06 /* Build configuration list for PBXProject "GTCaseStudy" */;
			developmentRegion = en;
			hasScannedForEncodings = 0;
			knownRegions = (
				en,
				Base,
				tr,
			);
			mainGroup = D187AADB2DCE0E0600435E06;
			minimizedProjectReferenceProxies = 1;
			preferredProjectObjectVersion = 77;
			productRefGroup = D187AAE52DCE0E0600435E06 /* Products */;
			projectDirPath = "";
			projectRoot = "";
			targets = (
				D187AAE32DCE0E0600435E06 /* GTCaseStudy */,
				D187AAF92DCE0E0800435E06 /* GTCaseStudyTests */,
				D187AB032DCE0E0800435E06 /* GTCaseStudyUITests */,
			);
		};
/* End PBXProject section */

/* Begin PBXResourcesBuildPhase section */
		D187AAE22DCE0E0600435E06 /* Resources */ = {
			isa = PBXResourcesBuildPhase;
			buildActionMask = 2147483647;
			files = (
			);
			runOnlyForDeploymentPostprocessing = 0;
		};
		D187AAF82DCE0E0800435E06 /* Resources */ = {
			isa = PBXResourcesBuildPhase;
			buildActionMask = 2147483647;
			files = (
			);
			runOnlyForDeploymentPostprocessing = 0;
		};
		D187AB022DCE0E0800435E06 /* Resources */ = {
			isa = PBXResourcesBuildPhase;
			buildActionMask = 2147483647;
			files = (
			);
			runOnlyForDeploymentPostprocessing = 0;
		};
/* End PBXResourcesBuildPhase section */

/* Begin PBXSourcesBuildPhase section */
		D187AAE02DCE0E0600435E06 /* Sources */ = {
			isa = PBXSourcesBuildPhase;
			buildActionMask = 2147483647;
			files = (
			);
			runOnlyForDeploymentPostprocessing = 0;
		};
		D187AAF62DCE0E0800435E06 /* Sources */ = {
			isa = PBXSourcesBuildPhase;
			buildActionMask = 2147483647;
			files = (
			);
			runOnlyForDeploymentPostprocessing = 0;
		};
		D187AB002DCE0E0800435E06 /* Sources */ = {
			isa = PBXSourcesBuildPhase;
			buildActionMask = 2147483647;
			files = (
			);
			runOnlyForDeploymentPostprocessing = 0;
		};
/* End PBXSourcesBuildPhase section */

/* Begin PBXTargetDependency section */
		D187AAFC2DCE0E0800435E06 /* PBXTargetDependency */ = {
			isa = PBXTargetDependency;
			target = D187AAE32DCE0E0600435E06 /* GTCaseStudy */;
			targetProxy = D187AAFB2DCE0E0800435E06 /* PBXContainerItemProxy */;
		};
		D187AB062DCE0E0800435E06 /* PBXTargetDependency */ = {
			isa = PBXTargetDependency;
			target = D187AAE32DCE0E0600435E06 /* GTCaseStudy */;
			targetProxy = D187AB052DCE0E0800435E06 /* PBXContainerItemProxy */;
		};
/* End PBXTargetDependency section */

/* Begin XCBuildConfiguration section */
		D187AB0E2DCE0E0800435E06 /* Debug */ = {
			isa = XCBuildConfiguration;
			buildSettings = {
				ASSETCATALOG_COMPILER_APPICON_NAME = AppIcon;
				ASSETCATALOG_COMPILER_GLOBAL_ACCENT_COLOR_NAME = AccentColor;
				CODE_SIGN_STYLE = Automatic;
				CURRENT_PROJECT_VERSION = 1;
				GENERATE_INFOPLIST_FILE = YES;
				INFOPLIST_FILE = GTCaseStudy/Info.plist;
				INFOPLIST_KEY_UIApplicationSupportsIndirectInputEvents = YES;
				INFOPLIST_KEY_UILaunchStoryboardName = "";
				INFOPLIST_KEY_UIMainStoryboardFile = "";
				INFOPLIST_KEY_UISupportedInterfaceOrientations_iPad = "UIInterfaceOrientationPortrait UIInterfaceOrientationPortraitUpsideDown UIInterfaceOrientationLandscapeLeft UIInterfaceOrientationLandscapeRight";
				INFOPLIST_KEY_UISupportedInterfaceOrientations_iPhone = "UIInterfaceOrientationPortrait UIInterfaceOrientationLandscapeLeft UIInterfaceOrientationLandscapeRight";
				LD_RUNPATH_SEARCH_PATHS = (
					"$(inherited)",
					"@executable_path/Frameworks",
				);
				MARKETING_VERSION = 1.0;
				PRODUCT_BUNDLE_IDENTIFIER = com.samet.GTCaseStudy;
				PRODUCT_NAME = "$(TARGET_NAME)";
				SWIFT_EMIT_LOC_STRINGS = YES;
				SWIFT_VERSION = 5.0;
				TARGETED_DEVICE_FAMILY = "1,2";
			};
			name = Debug;
		};
		D187AB0F2DCE0E0800435E06 /* Release */ = {
			isa = XCBuildConfiguration;
			buildSettings = {
				ASSETCATALOG_COMPILER_APPICON_NAME = AppIcon;
				ASSETCATALOG_COMPILER_GLOBAL_ACCENT_COLOR_NAME = AccentColor;
				CODE_SIGN_STYLE = Automatic;
				CURRENT_PROJECT_VERSION = 1;
				GENERATE_INFOPLIST_FILE = YES;
				INFOPLIST_FILE = GTCaseStudy/Info.plist;
				INFOPLIST_KEY_UIApplicationSupportsIndirectInputEvents = YES;
				INFOPLIST_KEY_UILaunchStoryboardName = "";
				INFOPLIST_KEY_UIMainStoryboardFile = "";
				INFOPLIST_KEY_UISupportedInterfaceOrientations_iPad = "UIInterfaceOrientationPortrait UIInterfaceOrientationPortraitUpsideDown UIInterfaceOrientationLandscapeLeft UIInterfaceOrientationLandscapeRight";
				INFOPLIST_KEY_UISupportedInterfaceOrientations_iPhone = "UIInterfaceOrientationPortrait UIInterfaceOrientationLandscapeLeft UIInterfaceOrientationLandscapeRight";
				LD_RUNPATH_SEARCH_PATHS = (
					"$(inherited)",
					"@executable_path/Frameworks",
				);
				MARKETING_VERSION = 1.0;
				PRODUCT_BUNDLE_IDENTIFIER = com.samet.GTCaseStudy;
				PRODUCT_NAME = "$(TARGET_NAME)";
				SWIFT_EMIT_LOC_STRINGS = YES;
				SWIFT_VERSION = 5.0;
				TARGETED_DEVICE_FAMILY = "1,2";
			};
			name = Release;
		};
		D187AB102DCE0E0800435E06 /* Debug */ = {
			isa = XCBuildConfiguration;
			buildSettings = {
				ALWAYS_SEARCH_USER_PATHS = NO;
				ASSETCATALOG_COMPILER_GENERATE_SWIFT_ASSET_SYMBOL_EXTENSIONS = YES;
				CLANG_ANALYZER_NONNULL = YES;
				CLANG_ANALYZER_NUMBER_OBJECT_CONVERSION = YES_AGGRESSIVE;
				CLANG_CXX_LANGUAGE_STANDARD = "gnu++20";
				CLANG_ENABLE_MODULES = YES;
				CLANG_ENABLE_OBJC_ARC = YES;
				CLANG_ENABLE_OBJC_WEAK = YES;
				CLANG_WARN_BLOCK_CAPTURE_AUTORELEASING = YES;
				CLANG_WARN_BOOL_CONVERSION = YES;
				CLANG_WARN_COMMA = YES;
				CLANG_WARN_CONSTANT_CONVERSION = YES;
				CLANG_WARN_DEPRECATED_OBJC_IMPLEMENTATIONS = YES;
				CLANG_WARN_DIRECT_OBJC_ISA_USAGE = YES_ERROR;
				CLANG_WARN_DOCUMENTATION_COMMENTS = YES;
				CLANG_WARN_EMPTY_BODY = YES;
				CLANG_WARN_ENUM_CONVERSION = YES;
				CLANG_WARN_INFINITE_RECURSION = YES;
				CLANG_WARN_INT_CONVERSION = YES;
				CLANG_WARN_NON_LITERAL_NULL_CONVERSION = YES;
				CLANG_WARN_OBJC_IMPLICIT_RETAIN_SELF = YES;
				CLANG_WARN_OBJC_LITERAL_CONVERSION = YES;
				CLANG_WARN_OBJC_ROOT_CLASS = YES_ERROR;
				CLANG_WARN_QUOTED_INCLUDE_IN_FRAMEWORK_HEADER = YES;
				CLANG_WARN_RANGE_LOOP_ANALYSIS = YES;
				CLANG_WARN_STRICT_PROTOTYPES = YES;
				CLANG_WARN_SUSPICIOUS_MOVE = YES;
				CLANG_WARN_UNGUARDED_AVAILABILITY = YES_AGGRESSIVE;
				CLANG_WARN_UNREACHABLE_CODE = YES;
				CLANG_WARN__DUPLICATE_METHOD_MATCH = YES;
				COPY_PHASE_STRIP = NO;
				DEBUG_INFORMATION_FORMAT = dwarf;
				ENABLE_STRICT_OBJC_MSGSEND = YES;
				ENABLE_TESTABILITY = YES;
				ENABLE_USER_SCRIPT_SANDBOXING = YES;
				GCC_C_LANGUAGE_STANDARD = gnu17;
				GCC_DYNAMIC_NO_PIC = NO;
				GCC_NO_COMMON_BLOCKS = YES;
				GCC_OPTIMIZATION_LEVEL = 0;
				GCC_PREPROCESSOR_DEFINITIONS = (
					"DEBUG=1",
					"$(inherited)",
				);
				GCC_WARN_64_TO_32_BIT_CONVERSION = YES;
				GCC_WARN_ABOUT_RETURN_TYPE = YES_ERROR;
				GCC_WARN_UNDECLARED_SELECTOR = YES;
				GCC_WARN_UNINITIALIZED_AUTOS = YES_AGGRESSIVE;
				GCC_WARN_UNUSED_FUNCTION = YES;
				GCC_WARN_UNUSED_VARIABLE = YES;
				IPHONEOS_DEPLOYMENT_TARGET = 18.4;
				LOCALIZATION_PREFERS_STRING_CATALOGS = YES;
				MTL_ENABLE_DEBUG_INFO = INCLUDE_SOURCE;
				MTL_FAST_MATH = YES;
				ONLY_ACTIVE_ARCH = YES;
				SDKROOT = iphoneos;
				SWIFT_ACTIVE_COMPILATION_CONDITIONS = "DEBUG $(inherited)";
				SWIFT_OPTIMIZATION_LEVEL = "-Onone";
			};
			name = Debug;
		};
		D187AB112DCE0E0800435E06 /* Release */ = {
			isa = XCBuildConfiguration;
			buildSettings = {
				ALWAYS_SEARCH_USER_PATHS = NO;
				ASSETCATALOG_COMPILER_GENERATE_SWIFT_ASSET_SYMBOL_EXTENSIONS = YES;
				CLANG_ANALYZER_NONNULL = YES;
				CLANG_ANALYZER_NUMBER_OBJECT_CONVERSION = YES_AGGRESSIVE;
				CLANG_CXX_LANGUAGE_STANDARD = "gnu++20";
				CLANG_ENABLE_MODULES = YES;
				CLANG_ENABLE_OBJC_ARC = YES;
				CLANG_ENABLE_OBJC_WEAK = YES;
				CLANG_WARN_BLOCK_CAPTURE_AUTORELEASING = YES;
				CLANG_WARN_BOOL_CONVERSION = YES;
				CLANG_WARN_COMMA = YES;
				CLANG_WARN_CONSTANT_CONVERSION = YES;
				CLANG_WARN_DEPRECATED_OBJC_IMPLEMENTATIONS = YES;
				CLANG_WARN_DIRECT_OBJC_ISA_USAGE = YES_ERROR;
				CLANG_WARN_DOCUMENTATION_COMMENTS = YES;
				CLANG_WARN_EMPTY_BODY = YES;
				CLANG_WARN_ENUM_CONVERSION = YES;
				CLANG_WARN_INFINITE_RECURSION = YES;
				CLANG_WARN_INT_CONVERSION = YES;
				CLANG_WARN_NON_LITERAL_NULL_CONVERSION = YES;
				CLANG_WARN_OBJC_IMPLICIT_RETAIN_SELF = YES;
				CLANG_WARN_OBJC_LITERAL_CONVERSION = YES;
				CLANG_WARN_OBJC_ROOT_CLASS = YES_ERROR;
				CLANG_WARN_QUOTED_INCLUDE_IN_FRAMEWORK_HEADER = YES;
				CLANG_WARN_RANGE_LOOP_ANALYSIS = YES;
				CLANG_WARN_STRICT_PROTOTYPES = YES;
				CLANG_WARN_SUSPICIOUS_MOVE = YES;
				CLANG_WARN_UNGUARDED_AVAILABILITY = YES_AGGRESSIVE;
				CLANG_WARN_UNREACHABLE_CODE = YES;
				CLANG_WARN__DUPLICATE_METHOD_MATCH = YES;
				COPY_PHASE_STRIP = NO;
				DEBUG_INFORMATION_FORMAT = "dwarf-with-dsym";
				ENABLE_NS_ASSERTIONS = NO;
				ENABLE_STRICT_OBJC_MSGSEND = YES;
				ENABLE_USER_SCRIPT_SANDBOXING = YES;
				GCC_C_LANGUAGE_STANDARD = gnu17;
				GCC_NO_COMMON_BLOCKS = YES;
				GCC_WARN_64_TO_32_BIT_CONVERSION = YES;
				GCC_WARN_ABOUT_RETURN_TYPE = YES_ERROR;
				GCC_WARN_UNDECLARED_SELECTOR = YES;
				GCC_WARN_UNINITIALIZED_AUTOS = YES_AGGRESSIVE;
				GCC_WARN_UNUSED_FUNCTION = YES;
				GCC_WARN_UNUSED_VARIABLE = YES;
				IPHONEOS_DEPLOYMENT_TARGET = 18.4;
				LOCALIZATION_PREFERS_STRING_CATALOGS = YES;
				MTL_ENABLE_DEBUG_INFO = NO;
				MTL_FAST_MATH = YES;
				SDKROOT = iphoneos;
				SWIFT_COMPILATION_MODE = wholemodule;
				VALIDATE_PRODUCT = YES;
			};
			name = Release;
		};
		D187AB132DCE0E0800435E06 /* Debug */ = {
			isa = XCBuildConfiguration;
			buildSettings = {
				BUNDLE_LOADER = "$(TEST_HOST)";
				CODE_SIGN_STYLE = Automatic;
				CURRENT_PROJECT_VERSION = 1;
				GENERATE_INFOPLIST_FILE = YES;
				IPHONEOS_DEPLOYMENT_TARGET = 18.4;
				MARKETING_VERSION = 1.0;
				PRODUCT_BUNDLE_IDENTIFIER = com.samet.GTCaseStudyTests;
				PRODUCT_NAME = "$(TARGET_NAME)";
				SWIFT_EMIT_LOC_STRINGS = NO;
				SWIFT_VERSION = 5.0;
				TARGETED_DEVICE_FAMILY = "1,2";
				TEST_HOST = "$(BUILT_PRODUCTS_DIR)/GTCaseStudy.app/$(BUNDLE_EXECUTABLE_FOLDER_PATH)/GTCaseStudy";
			};
			name = Debug;
		};
		D187AB142DCE0E0800435E06 /* Release */ = {
			isa = XCBuildConfiguration;
			buildSettings = {
				BUNDLE_LOADER = "$(TEST_HOST)";
				CODE_SIGN_STYLE = Automatic;
				CURRENT_PROJECT_VERSION = 1;
				GENERATE_INFOPLIST_FILE = YES;
				IPHONEOS_DEPLOYMENT_TARGET = 18.4;
				MARKETING_VERSION = 1.0;
				PRODUCT_BUNDLE_IDENTIFIER = com.samet.GTCaseStudyTests;
				PRODUCT_NAME = "$(TARGET_NAME)";
				SWIFT_EMIT_LOC_STRINGS = NO;
				SWIFT_VERSION = 5.0;
				TARGETED_DEVICE_FAMILY = "1,2";
				TEST_HOST = "$(BUILT_PRODUCTS_DIR)/GTCaseStudy.app/$(BUNDLE_EXECUTABLE_FOLDER_PATH)/GTCaseStudy";
			};
			name = Release;
		};
		D187AB162DCE0E0800435E06 /* Debug */ = {
			isa = XCBuildConfiguration;
			buildSettings = {
				CODE_SIGN_STYLE = Automatic;
				CURRENT_PROJECT_VERSION = 1;
				GENERATE_INFOPLIST_FILE = YES;
				MARKETING_VERSION = 1.0;
				PRODUCT_BUNDLE_IDENTIFIER = com.samet.GTCaseStudyUITests;
				PRODUCT_NAME = "$(TARGET_NAME)";
				SWIFT_EMIT_LOC_STRINGS = NO;
				SWIFT_VERSION = 5.0;
				TARGETED_DEVICE_FAMILY = "1,2";
				TEST_TARGET_NAME = GTCaseStudy;
			};
			name = Debug;
		};
		D187AB172DCE0E0800435E06 /* Release */ = {
			isa = XCBuildConfiguration;
			buildSettings = {
				CODE_SIGN_STYLE = Automatic;
				CURRENT_PROJECT_VERSION = 1;
				GENERATE_INFOPLIST_FILE = YES;
				MARKETING_VERSION = 1.0;
				PRODUCT_BUNDLE_IDENTIFIER = com.samet.GTCaseStudyUITests;
				PRODUCT_NAME = "$(TARGET_NAME)";
				SWIFT_EMIT_LOC_STRINGS = NO;
				SWIFT_VERSION = 5.0;
				TARGETED_DEVICE_FAMILY = "1,2";
				TEST_TARGET_NAME = GTCaseStudy;
			};
			name = Release;
		};
/* End XCBuildConfiguration section */

/* Begin XCConfigurationList section */
		D187AADF2DCE0E0600435E06 /* Build configuration list for PBXProject "GTCaseStudy" */ = {
			isa = XCConfigurationList;
			buildConfigurations = (
				D187AB102DCE0E0800435E06 /* Debug */,
				D187AB112DCE0E0800435E06 /* Release */,
			);
			defaultConfigurationIsVisible = 0;
			defaultConfigurationName = Release;
		};
		D187AB0D2DCE0E0800435E06 /* Build configuration list for PBXNativeTarget "GTCaseStudy" */ = {
			isa = XCConfigurationList;
			buildConfigurations = (
				D187AB0E2DCE0E0800435E06 /* Debug */,
				D187AB0F2DCE0E0800435E06 /* Release */,
			);
			defaultConfigurationIsVisible = 0;
			defaultConfigurationName = Release;
		};
		D187AB122DCE0E0800435E06 /* Build configuration list for PBXNativeTarget "GTCaseStudyTests" */ = {
			isa = XCConfigurationList;
			buildConfigurations = (
				D187AB132DCE0E0800435E06 /* Debug */,
				D187AB142DCE0E0800435E06 /* Release */,
			);
			defaultConfigurationIsVisible = 0;
			defaultConfigurationName = Release;
		};
		D187AB152DCE0E0800435E06 /* Build configuration list for PBXNativeTarget "GTCaseStudyUITests" */ = {
			isa = XCConfigurationList;
			buildConfigurations = (
				D187AB162DCE0E0800435E06 /* Debug */,
				D187AB172DCE0E0800435E06 /* Release */,
			);
			defaultConfigurationIsVisible = 0;
			defaultConfigurationName = Release;
		};
/* End XCConfigurationList section */
	};
	rootObject = D187AADC2DCE0E0600435E06 /* Project object */;
}
